
Microsoft Visual Studio Solution File, Format Version 12.00
# Visual Studio Version 17
VisualStudioVersion = 17.1.32228.430
MinimumVisualStudioVersion = 10.0.40219.1
Project("{FAE04EC0-301F-11D3-BF4B-00C04F79EFBC}") = "OrderingSystem", "OrderingSystem\OrderingSystem.csproj", "{07DB1EF1-141F-40DD-855A-BE7F1F4CE0AD}"
EndProject
Global
	GlobalSection(SolutionConfigurationPlatforms) = preSolution
		Debug|Any CPU = Debug|Any CPU
		Release|Any CPU = Release|Any CPU
	EndGlobalSection
	GlobalSection(ProjectConfigurationPlatforms) = postSolution
		{07DB1EF1-141F-40DD-855A-BE7F1F4CE0AD}.Debug|Any CPU.ActiveCfg = Debug|Any CPU
		{07DB1EF1-141F-40DD-855A-BE7F1F4CE0AD}.Debug|Any CPU.Build.0 = Debug|Any CPU
		{07DB1EF1-141F-40DD-855A-BE7F1F4CE0AD}.Release|Any CPU.ActiveCfg = Release|Any CPU
		{07DB1EF1-141F-40DD-855A-BE7F1F4CE0AD}.Release|Any CPU.Build.0 = Release|Any CPU
	EndGlobalSection
	GlobalSection(SolutionProperties) = preSolution
		HideSolutionNode = FALSE
	EndGlobalSection
	GlobalSection(ExtensibilityGlobals) = postSolution
		SolutionGuid = {93EA40B3-8F04-4804-85AE-370565C3FB95}
	EndGlobalSection
EndGlobal
